// !$*UTF8*$!
{
	archiveVersion = 1;
	classes = {
	};
	objectVersion = 56;
	objects = {

/* Begin PBXBuildFile section */
		045AB548D271A1287883B435 /* Pods_AccessibilityGuide.framework in Frameworks */ = {isa = PBXBuildFile; fileRef = FE74FCD165C7E765518F1BF1 /* Pods_AccessibilityGuide.framework */; };
		C9093A6B2A7AABA000E00131 /* AccessibilityGuideApp.swift in Sources */ = {isa = PBXBuildFile; fileRef = C9093A6A2A7AABA000E00131 /* AccessibilityGuideApp.swift */; };
		C9093A6D2A7AABA000E00131 /* ContentView.swift in Sources */ = {isa = PBXBuildFile; fileRef = C9093A6C2A7AABA000E00131 /* ContentView.swift */; };
		C9093A6F2A7AABA100E00131 /* Assets.xcassets in Resources */ = {isa = PBXBuildFile; fileRef = C9093A6E2A7AABA100E00131 /* Assets.xcassets */; };
		C9093A732A7AABA100E00131 /* Preview Assets.xcassets in Resources */ = {isa = PBXBuildFile; fileRef = C9093A722A7AABA100E00131 /* Preview Assets.xcassets */; };
		C9093A7D2A7AABA100E00131 /* AccessibilityGuideTests.swift in Sources */ = {isa = PBXBuildFile; fileRef = C9093A7C2A7AABA100E00131 /* AccessibilityGuideTests.swift */; };
		C9093A872A7AABA100E00131 /* AccessibilityGuideUITests.swift in Sources */ = {isa = PBXBuildFile; fileRef = C9093A862A7AABA100E00131 /* AccessibilityGuideUITests.swift */; };
		C9093A892A7AABA100E00131 /* AccessibilityGuideUITestsLaunchTests.swift in Sources */ = {isa = PBXBuildFile; fileRef = C9093A882A7AABA100E00131 /* AccessibilityGuideUITestsLaunchTests.swift */; };
		C9093A962A7AB0D200E00131 /* mapView.swift in Sources */ = {isa = PBXBuildFile; fileRef = C9093A952A7AB0D200E00131 /* mapView.swift */; };
		C9093A982AA882D200E00131 /* LowerDeckMapView.swift in Sources */ = {isa = PBXBuildFile; fileRef = C9093A972AA882D200E00131 /* LowerDeckMapView.swift */; };
		C996FB842AC6F8F900B5EA77 /* HowToMapView.swift in Sources */ = {isa = PBXBuildFile; fileRef = C996FB832AC6F8F900B5EA77 /* HowToMapView.swift */; };
		C996FB862AC6FBD400B5EA77 /* HowToAccessibilityReportView.swift in Sources */ = {isa = PBXBuildFile; fileRef = C996FB852AC6FBD400B5EA77 /* HowToAccessibilityReportView.swift */; };
		C996FB882AC7035500B5EA77 /* AccessibiltyReportUI.swift in Sources */ = {isa = PBXBuildFile; fileRef = C996FB872AC7035500B5EA77 /* AccessibiltyReportUI.swift */; };
		C9BB289D2AB8A5830030E5EC /* PopUpWindow.swift in Sources */ = {isa = PBXBuildFile; fileRef = C9BB289C2AB8A5830030E5EC /* PopUpWindow.swift */; };
		C9C047F92AE29A5C00574D6F /* OverlayingButton.swift in Sources */ = {isa = PBXBuildFile; fileRef = C9C047F82AE29A5C00574D6F /* OverlayingButton.swift */; };
		C9D062E02AB1C9A0007190A7 /* RoleView.swift in Sources */ = {isa = PBXBuildFile; fileRef = C9D062DF2AB1C9A0007190A7 /* RoleView.swift */; };
		C9D062E22AB1D069007190A7 /* TelescopeView.swift in Sources */ = {isa = PBXBuildFile; fileRef = C9D062E12AB1D069007190A7 /* TelescopeView.swift */; };
		C9D30D322AD7044C00AFE90E /* PopUpWindowWrapper.swift in Sources */ = {isa = PBXBuildFile; fileRef = C9D30D312AD7044C00AFE90E /* PopUpWindowWrapper.swift */; };
		C9D30D362AD9544500AFE90E /* ViewController.swift in Sources */ = {isa = PBXBuildFile; fileRef = C9D30D352AD9544500AFE90E /* ViewController.swift */; };
		C9F97BC62AE831A500AC1F6B /* mqttImageProcessing.swift in Sources */ = {isa = PBXBuildFile; fileRef = C9F97BC52AE831A500AC1F6B /* mqttImageProcessing.swift */; };
		C9F97BC82AE92F0E00AC1F6B /* MidDeckMapView.swift in Sources */ = {isa = PBXBuildFile; fileRef = C9F97BC72AE92F0E00AC1F6B /* MidDeckMapView.swift */; };
		C9F97BCA2AEAAF4200AC1F6B /* TopDeckMapView.swift in Sources */ = {isa = PBXBuildFile; fileRef = C9F97BC92AEAAF4200AC1F6B /* TopDeckMapView.swift */; };
/* End PBXBuildFile section */

/* Begin PBXContainerItemProxy section */
		C9093A792A7AABA100E00131 /* PBXContainerItemProxy */ = {
			isa = PBXContainerItemProxy;
			containerPortal = C9093A5F2A7AABA000E00131 /* Project object */;
			proxyType = 1;
			remoteGlobalIDString = C9093A662A7AABA000E00131;
			remoteInfo = AccessibilityGuide;
		};
		C9093A832A7AABA100E00131 /* PBXContainerItemProxy */ = {
			isa = PBXContainerItemProxy;
			containerPortal = C9093A5F2A7AABA000E00131 /* Project object */;
			proxyType = 1;
			remoteGlobalIDString = C9093A662A7AABA000E00131;
			remoteInfo = AccessibilityGuide;
		};
/* End PBXContainerItemProxy section */

/* Begin PBXCopyFilesBuildPhase section */
		C9BB28762AB328E70030E5EC /* Embed Frameworks */ = {
			isa = PBXCopyFilesBuildPhase;
			buildActionMask = 2147483647;
			dstPath = "";
			dstSubfolderSpec = 10;
			files = (
			);
			name = "Embed Frameworks";
			runOnlyForDeploymentPostprocessing = 0;
		};
/* End PBXCopyFilesBuildPhase section */

/* Begin PBXFileReference section */
		744825DBD51897C8D7CB492A /* Pods-AccessibilityGuide.debug.xcconfig */ = {isa = PBXFileReference; includeInIndex = 1; lastKnownFileType = text.xcconfig; name = "Pods-AccessibilityGuide.debug.xcconfig"; path = "Target Support Files/Pods-AccessibilityGuide/Pods-AccessibilityGuide.debug.xcconfig"; sourceTree = "<group>"; };
		881DABD7116598E768B0C31B /* Pods-AccessibilityGuide.release.xcconfig */ = {isa = PBXFileReference; includeInIndex = 1; lastKnownFileType = text.xcconfig; name = "Pods-AccessibilityGuide.release.xcconfig"; path = "Target Support Files/Pods-AccessibilityGuide/Pods-AccessibilityGuide.release.xcconfig"; sourceTree = "<group>"; };
		C9093A672A7AABA000E00131 /* AccessibilityGuide.app */ = {isa = PBXFileReference; explicitFileType = wrapper.application; includeInIndex = 0; path = AccessibilityGuide.app; sourceTree = BUILT_PRODUCTS_DIR; };
		C9093A6A2A7AABA000E00131 /* AccessibilityGuideApp.swift */ = {isa = PBXFileReference; lastKnownFileType = sourcecode.swift; path = AccessibilityGuideApp.swift; sourceTree = "<group>"; };
		C9093A6C2A7AABA000E00131 /* ContentView.swift */ = {isa = PBXFileReference; lastKnownFileType = sourcecode.swift; path = ContentView.swift; sourceTree = "<group>"; };
		C9093A6E2A7AABA100E00131 /* Assets.xcassets */ = {isa = PBXFileReference; lastKnownFileType = folder.assetcatalog; path = Assets.xcassets; sourceTree = "<group>"; };
		C9093A702A7AABA100E00131 /* AccessibilityGuide.entitlements */ = {isa = PBXFileReference; lastKnownFileType = text.plist.entitlements; path = AccessibilityGuide.entitlements; sourceTree = "<group>"; };
		C9093A722A7AABA100E00131 /* Preview Assets.xcassets */ = {isa = PBXFileReference; lastKnownFileType = folder.assetcatalog; path = "Preview Assets.xcassets"; sourceTree = "<group>"; };
		C9093A782A7AABA100E00131 /* AccessibilityGuideTests.xctest */ = {isa = PBXFileReference; explicitFileType = wrapper.cfbundle; includeInIndex = 0; path = AccessibilityGuideTests.xctest; sourceTree = BUILT_PRODUCTS_DIR; };
		C9093A7C2A7AABA100E00131 /* AccessibilityGuideTests.swift */ = {isa = PBXFileReference; lastKnownFileType = sourcecode.swift; path = AccessibilityGuideTests.swift; sourceTree = "<group>"; };
		C9093A822A7AABA100E00131 /* AccessibilityGuideUITests.xctest */ = {isa = PBXFileReference; explicitFileType = wrapper.cfbundle; includeInIndex = 0; path = AccessibilityGuideUITests.xctest; sourceTree = BUILT_PRODUCTS_DIR; };
		C9093A862A7AABA100E00131 /* AccessibilityGuideUITests.swift */ = {isa = PBXFileReference; lastKnownFileType = sourcecode.swift; path = AccessibilityGuideUITests.swift; sourceTree = "<group>"; };
		C9093A882A7AABA100E00131 /* AccessibilityGuideUITestsLaunchTests.swift */ = {isa = PBXFileReference; lastKnownFileType = sourcecode.swift; path = AccessibilityGuideUITestsLaunchTests.swift; sourceTree = "<group>"; };
		C9093A952A7AB0D200E00131 /* mapView.swift */ = {isa = PBXFileReference; lastKnownFileType = sourcecode.swift; path = mapView.swift; sourceTree = "<group>"; };
		C9093A972AA882D200E00131 /* LowerDeckMapView.swift */ = {isa = PBXFileReference; lastKnownFileType = sourcecode.swift; path = LowerDeckMapView.swift; sourceTree = "<group>"; usesTabs = 0; };
		C92318E82AC61EBB00EAD69C /* Info.plist */ = {isa = PBXFileReference; lastKnownFileType = text.plist; path = Info.plist; sourceTree = "<group>"; };
		C996FB832AC6F8F900B5EA77 /* HowToMapView.swift */ = {isa = PBXFileReference; lastKnownFileType = sourcecode.swift; path = HowToMapView.swift; sourceTree = "<group>"; };
		C996FB852AC6FBD400B5EA77 /* HowToAccessibilityReportView.swift */ = {isa = PBXFileReference; lastKnownFileType = sourcecode.swift; path = HowToAccessibilityReportView.swift; sourceTree = "<group>"; };
		C996FB872AC7035500B5EA77 /* AccessibiltyReportUI.swift */ = {isa = PBXFileReference; lastKnownFileType = sourcecode.swift; path = AccessibiltyReportUI.swift; sourceTree = "<group>"; };
		C9BB289C2AB8A5830030E5EC /* PopUpWindow.swift */ = {isa = PBXFileReference; lastKnownFileType = sourcecode.swift; path = PopUpWindow.swift; sourceTree = "<group>"; };
		C9C047F82AE29A5C00574D6F /* OverlayingButton.swift */ = {isa = PBXFileReference; lastKnownFileType = sourcecode.swift; path = OverlayingButton.swift; sourceTree = "<group>"; };
		C9D062DF2AB1C9A0007190A7 /* RoleView.swift */ = {isa = PBXFileReference; lastKnownFileType = sourcecode.swift; path = RoleView.swift; sourceTree = "<group>"; };
		C9D062E12AB1D069007190A7 /* TelescopeView.swift */ = {isa = PBXFileReference; lastKnownFileType = sourcecode.swift; path = TelescopeView.swift; sourceTree = "<group>"; };
		C9D30D312AD7044C00AFE90E /* PopUpWindowWrapper.swift */ = {isa = PBXFileReference; lastKnownFileType = sourcecode.swift; path = PopUpWindowWrapper.swift; sourceTree = "<group>"; };
		C9D30D352AD9544500AFE90E /* ViewController.swift */ = {isa = PBXFileReference; lastKnownFileType = sourcecode.swift; path = ViewController.swift; sourceTree = "<group>"; };
		C9F97BC52AE831A500AC1F6B /* mqttImageProcessing.swift */ = {isa = PBXFileReference; lastKnownFileType = sourcecode.swift; path = mqttImageProcessing.swift; sourceTree = "<group>"; };
		C9F97BC72AE92F0E00AC1F6B /* MidDeckMapView.swift */ = {isa = PBXFileReference; lastKnownFileType = sourcecode.swift; path = MidDeckMapView.swift; sourceTree = "<group>"; };
		C9F97BC92AEAAF4200AC1F6B /* TopDeckMapView.swift */ = {isa = PBXFileReference; lastKnownFileType = sourcecode.swift; path = TopDeckMapView.swift; sourceTree = "<group>"; };
		FE74FCD165C7E765518F1BF1 /* Pods_AccessibilityGuide.framework */ = {isa = PBXFileReference; explicitFileType = wrapper.framework; includeInIndex = 0; path = Pods_AccessibilityGuide.framework; sourceTree = BUILT_PRODUCTS_DIR; };
/* End PBXFileReference section */

/* Begin PBXFrameworksBuildPhase section */
		C9093A642A7AABA000E00131 /* Frameworks */ = {
			isa = PBXFrameworksBuildPhase;
			buildActionMask = 2147483647;
			files = (
				045AB548D271A1287883B435 /* Pods_AccessibilityGuide.framework in Frameworks */,
			);
			runOnlyForDeploymentPostprocessing = 0;
		};
		C9093A752A7AABA100E00131 /* Frameworks */ = {
			isa = PBXFrameworksBuildPhase;
			buildActionMask = 2147483647;
			files = (
			);
			runOnlyForDeploymentPostprocessing = 0;
		};
		C9093A7F2A7AABA100E00131 /* Frameworks */ = {
			isa = PBXFrameworksBuildPhase;
			buildActionMask = 2147483647;
			files = (
			);
			runOnlyForDeploymentPostprocessing = 0;
		};
/* End PBXFrameworksBuildPhase section */

/* Begin PBXGroup section */
		72DE05996E88A9B0847B9E48 /* Frameworks */ = {
			isa = PBXGroup;
			children = (
				FE74FCD165C7E765518F1BF1 /* Pods_AccessibilityGuide.framework */,
			);
			name = Frameworks;
			sourceTree = "<group>";
		};
		C9093A5E2A7AABA000E00131 = {
			isa = PBXGroup;
			children = (
				C9093A692A7AABA000E00131 /* AccessibilityGuide */,
				C9093A7B2A7AABA100E00131 /* AccessibilityGuideTests */,
				C9093A852A7AABA100E00131 /* AccessibilityGuideUITests */,
				C9093A682A7AABA000E00131 /* Products */,
				72DE05996E88A9B0847B9E48 /* Frameworks */,
				FA97AC1712319C477851A42F /* Pods */,
			);
			sourceTree = "<group>";
		};
		C9093A682A7AABA000E00131 /* Products */ = {
			isa = PBXGroup;
			children = (
				C9093A672A7AABA000E00131 /* AccessibilityGuide.app */,
				C9093A782A7AABA100E00131 /* AccessibilityGuideTests.xctest */,
				C9093A822A7AABA100E00131 /* AccessibilityGuideUITests.xctest */,
			);
			name = Products;
			sourceTree = "<group>";
		};
		C9093A692A7AABA000E00131 /* AccessibilityGuide */ = {
			isa = PBXGroup;
			children = (
				C92318E82AC61EBB00EAD69C /* Info.plist */,
				C9093A6A2A7AABA000E00131 /* AccessibilityGuideApp.swift */,
				C996FB832AC6F8F900B5EA77 /* HowToMapView.swift */,
				C9D062E12AB1D069007190A7 /* TelescopeView.swift */,
				C9093A972AA882D200E00131 /* LowerDeckMapView.swift */,
				C9F97BC72AE92F0E00AC1F6B /* MidDeckMapView.swift */,
				C9F97BC92AEAAF4200AC1F6B /* TopDeckMapView.swift */,
				C9093A6C2A7AABA000E00131 /* ContentView.swift */,
				C9093A952A7AB0D200E00131 /* mapView.swift */,
				C9D062DF2AB1C9A0007190A7 /* RoleView.swift */,
				C996FB852AC6FBD400B5EA77 /* HowToAccessibilityReportView.swift */,
				C996FB872AC7035500B5EA77 /* AccessibiltyReportUI.swift */,
				C9093A6E2A7AABA100E00131 /* Assets.xcassets */,
				C9093A702A7AABA100E00131 /* AccessibilityGuide.entitlements */,
				C9093A712A7AABA100E00131 /* Preview Content */,
				C9BB289C2AB8A5830030E5EC /* PopUpWindow.swift */,
				C9D30D312AD7044C00AFE90E /* PopUpWindowWrapper.swift */,
				C9D30D352AD9544500AFE90E /* ViewController.swift */,
				C9C047F82AE29A5C00574D6F /* OverlayingButton.swift */,
				C9F97BC52AE831A500AC1F6B /* mqttImageProcessing.swift */,
			);
			path = AccessibilityGuide;
			sourceTree = "<group>";
		};
		C9093A712A7AABA100E00131 /* Preview Content */ = {
			isa = PBXGroup;
			children = (
				C9093A722A7AABA100E00131 /* Preview Assets.xcassets */,
			);
			path = "Preview Content";
			sourceTree = "<group>";
		};
		C9093A7B2A7AABA100E00131 /* AccessibilityGuideTests */ = {
			isa = PBXGroup;
			children = (
				C9093A7C2A7AABA100E00131 /* AccessibilityGuideTests.swift */,
			);
			path = AccessibilityGuideTests;
			sourceTree = "<group>";
		};
		C9093A852A7AABA100E00131 /* AccessibilityGuideUITests */ = {
			isa = PBXGroup;
			children = (
				C9093A862A7AABA100E00131 /* AccessibilityGuideUITests.swift */,
				C9093A882A7AABA100E00131 /* AccessibilityGuideUITestsLaunchTests.swift */,
			);
			path = AccessibilityGuideUITests;
			sourceTree = "<group>";
		};
		FA97AC1712319C477851A42F /* Pods */ = {
			isa = PBXGroup;
			children = (
				744825DBD51897C8D7CB492A /* Pods-AccessibilityGuide.debug.xcconfig */,
				881DABD7116598E768B0C31B /* Pods-AccessibilityGuide.release.xcconfig */,
			);
			path = Pods;
			sourceTree = "<group>";
		};
/* End PBXGroup section */

/* Begin PBXNativeTarget section */
		C9093A662A7AABA000E00131 /* AccessibilityGuide */ = {
			isa = PBXNativeTarget;
			buildConfigurationList = C9093A8C2A7AABA100E00131 /* Build configuration list for PBXNativeTarget "AccessibilityGuide" */;
			buildPhases = (
				918894C1994008EDD46C52B0 /* [CP] Check Pods Manifest.lock */,
				C9093A632A7AABA000E00131 /* Sources */,
				C9093A642A7AABA000E00131 /* Frameworks */,
				C9093A652A7AABA000E00131 /* Resources */,
				C9BB28762AB328E70030E5EC /* Embed Frameworks */,
				579F43C2CB083CCDE365D4EF /* [CP] Embed Pods Frameworks */,
			);
			buildRules = (
			);
			dependencies = (
			);
			name = AccessibilityGuide;
			productName = AccessibilityGuide;
			productReference = C9093A672A7AABA000E00131 /* AccessibilityGuide.app */;
			productType = "com.apple.product-type.application";
		};
		C9093A772A7AABA100E00131 /* AccessibilityGuideTests */ = {
			isa = PBXNativeTarget;
			buildConfigurationList = C9093A8F2A7AABA100E00131 /* Build configuration list for PBXNativeTarget "AccessibilityGuideTests" */;
			buildPhases = (
				C9093A742A7AABA100E00131 /* Sources */,
				C9093A752A7AABA100E00131 /* Frameworks */,
				C9093A762A7AABA100E00131 /* Resources */,
			);
			buildRules = (
			);
			dependencies = (
				C9093A7A2A7AABA100E00131 /* PBXTargetDependency */,
			);
			name = AccessibilityGuideTests;
			productName = AccessibilityGuideTests;
			productReference = C9093A782A7AABA100E00131 /* AccessibilityGuideTests.xctest */;
			productType = "com.apple.product-type.bundle.unit-test";
		};
		C9093A812A7AABA100E00131 /* AccessibilityGuideUITests */ = {
			isa = PBXNativeTarget;
			buildConfigurationList = C9093A922A7AABA100E00131 /* Build configuration list for PBXNativeTarget "AccessibilityGuideUITests" */;
			buildPhases = (
				C9093A7E2A7AABA100E00131 /* Sources */,
				C9093A7F2A7AABA100E00131 /* Frameworks */,
				C9093A802A7AABA100E00131 /* Resources */,
			);
			buildRules = (
			);
			dependencies = (
				C9093A842A7AABA100E00131 /* PBXTargetDependency */,
			);
			name = AccessibilityGuideUITests;
			productName = AccessibilityGuideUITests;
			productReference = C9093A822A7AABA100E00131 /* AccessibilityGuideUITests.xctest */;
			productType = "com.apple.product-type.bundle.ui-testing";
		};
/* End PBXNativeTarget section */

/* Begin PBXProject section */
		C9093A5F2A7AABA000E00131 /* Project object */ = {
			isa = PBXProject;
			attributes = {
				BuildIndependentTargetsInParallel = 1;
				LastSwiftUpdateCheck = 1430;
				LastUpgradeCheck = 1500;
				TargetAttributes = {
					C9093A662A7AABA000E00131 = {
						CreatedOnToolsVersion = 14.3.1;
					};
					C9093A772A7AABA100E00131 = {
						CreatedOnToolsVersion = 14.3.1;
						TestTargetID = C9093A662A7AABA000E00131;
					};
					C9093A812A7AABA100E00131 = {
						CreatedOnToolsVersion = 14.3.1;
						TestTargetID = C9093A662A7AABA000E00131;
					};
				};
			};
			buildConfigurationList = C9093A622A7AABA000E00131 /* Build configuration list for PBXProject "AccessibilityGuide" */;
			compatibilityVersion = "Xcode 14.0";
			developmentRegion = en;
			hasScannedForEncodings = 0;
			knownRegions = (
				en,
				Base,
			);
			mainGroup = C9093A5E2A7AABA000E00131;
			productRefGroup = C9093A682A7AABA000E00131 /* Products */;
			projectDirPath = "";
			projectRoot = "";
			targets = (
				C9093A662A7AABA000E00131 /* AccessibilityGuide */,
				C9093A772A7AABA100E00131 /* AccessibilityGuideTests */,
				C9093A812A7AABA100E00131 /* AccessibilityGuideUITests */,
			);
		};
/* End PBXProject section */

/* Begin PBXResourcesBuildPhase section */
		C9093A652A7AABA000E00131 /* Resources */ = {
			isa = PBXResourcesBuildPhase;
			buildActionMask = 2147483647;
			files = (
				C9093A732A7AABA100E00131 /* Preview Assets.xcassets in Resources */,
				C9093A6F2A7AABA100E00131 /* Assets.xcassets in Resources */,
			);
			runOnlyForDeploymentPostprocessing = 0;
		};
		C9093A762A7AABA100E00131 /* Resources */ = {
			isa = PBXResourcesBuildPhase;
			buildActionMask = 2147483647;
			files = (
			);
			runOnlyForDeploymentPostprocessing = 0;
		};
		C9093A802A7AABA100E00131 /* Resources */ = {
			isa = PBXResourcesBuildPhase;
			buildActionMask = 2147483647;
			files = (
			);
			runOnlyForDeploymentPostprocessing = 0;
		};
/* End PBXResourcesBuildPhase section */

/* Begin PBXShellScriptBuildPhase section */
		579F43C2CB083CCDE365D4EF /* [CP] Embed Pods Frameworks */ = {
			isa = PBXShellScriptBuildPhase;
			buildActionMask = 2147483647;
			files = (
			);
			inputFileListPaths = (
				"${PODS_ROOT}/Target Support Files/Pods-AccessibilityGuide/Pods-AccessibilityGuide-frameworks-${CONFIGURATION}-input-files.xcfilelist",
			);
			name = "[CP] Embed Pods Frameworks";
			outputFileListPaths = (
				"${PODS_ROOT}/Target Support Files/Pods-AccessibilityGuide/Pods-AccessibilityGuide-frameworks-${CONFIGURATION}-output-files.xcfilelist",
			);
			runOnlyForDeploymentPostprocessing = 0;
			shellPath = /bin/sh;
			shellScript = "\"${PODS_ROOT}/Target Support Files/Pods-AccessibilityGuide/Pods-AccessibilityGuide-frameworks.sh\"\n";
			showEnvVarsInLog = 0;
		};
		918894C1994008EDD46C52B0 /* [CP] Check Pods Manifest.lock */ = {
			isa = PBXShellScriptBuildPhase;
			buildActionMask = 2147483647;
			files = (
			);
			inputFileListPaths = (
			);
			inputPaths = (
				"${PODS_PODFILE_DIR_PATH}/Podfile.lock",
				"${PODS_ROOT}/Manifest.lock",
			);
			name = "[CP] Check Pods Manifest.lock";
			outputFileListPaths = (
			);
			outputPaths = (
				"$(DERIVED_FILE_DIR)/Pods-AccessibilityGuide-checkManifestLockResult.txt",
			);
			runOnlyForDeploymentPostprocessing = 0;
			shellPath = /bin/sh;
			shellScript = "diff \"${PODS_PODFILE_DIR_PATH}/Podfile.lock\" \"${PODS_ROOT}/Manifest.lock\" > /dev/null\nif [ $? != 0 ] ; then\n    # print error to STDERR\n    echo \"error: The sandbox is not in sync with the Podfile.lock. Run 'pod install' or update your CocoaPods installation.\" >&2\n    exit 1\nfi\n# This output is used by Xcode 'outputs' to avoid re-running this script phase.\necho \"SUCCESS\" > \"${SCRIPT_OUTPUT_FILE_0}\"\n";
			showEnvVarsInLog = 0;
		};
/* End PBXShellScriptBuildPhase section */

/* Begin PBXSourcesBuildPhase section */
		C9093A632A7AABA000E00131 /* Sources */ = {
			isa = PBXSourcesBuildPhase;
			buildActionMask = 2147483647;
			files = (
				C9D30D362AD9544500AFE90E /* ViewController.swift in Sources */,
				C996FB882AC7035500B5EA77 /* AccessibiltyReportUI.swift in Sources */,
				C9BB289D2AB8A5830030E5EC /* PopUpWindow.swift in Sources */,
				C9093A962A7AB0D200E00131 /* mapView.swift in Sources */,
				C9093A6D2A7AABA000E00131 /* ContentView.swift in Sources */,
				C9F97BCA2AEAAF4200AC1F6B /* TopDeckMapView.swift in Sources */,
				C9093A6B2A7AABA000E00131 /* AccessibilityGuideApp.swift in Sources */,
				C9D30D322AD7044C00AFE90E /* PopUpWindowWrapper.swift in Sources */,
				C996FB842AC6F8F900B5EA77 /* HowToMapView.swift in Sources */,
				C9F97BC82AE92F0E00AC1F6B /* MidDeckMapView.swift in Sources */,
				C9C047F92AE29A5C00574D6F /* OverlayingButton.swift in Sources */,
				C9D062E02AB1C9A0007190A7 /* RoleView.swift in Sources */,
				C996FB862AC6FBD400B5EA77 /* HowToAccessibilityReportView.swift in Sources */,
				C9093A982AA882D200E00131 /* LowerDeckMapView.swift in Sources */,
				C9D062E22AB1D069007190A7 /* TelescopeView.swift in Sources */,
				C9F97BC62AE831A500AC1F6B /* mqttImageProcessing.swift in Sources */,
			);
			runOnlyForDeploymentPostprocessing = 0;
		};
		C9093A742A7AABA100E00131 /* Sources */ = {
			isa = PBXSourcesBuildPhase;
			buildActionMask = 2147483647;
			files = (
				C9093A7D2A7AABA100E00131 /* AccessibilityGuideTests.swift in Sources */,
			);
			runOnlyForDeploymentPostprocessing = 0;
		};
		C9093A7E2A7AABA100E00131 /* Sources */ = {
			isa = PBXSourcesBuildPhase;
			buildActionMask = 2147483647;
			files = (
				C9093A892A7AABA100E00131 /* AccessibilityGuideUITestsLaunchTests.swift in Sources */,
				C9093A872A7AABA100E00131 /* AccessibilityGuideUITests.swift in Sources */,
			);
			runOnlyForDeploymentPostprocessing = 0;
		};
/* End PBXSourcesBuildPhase section */

/* Begin PBXTargetDependency section */
		C9093A7A2A7AABA100E00131 /* PBXTargetDependency */ = {
			isa = PBXTargetDependency;
			target = C9093A662A7AABA000E00131 /* AccessibilityGuide */;
			targetProxy = C9093A792A7AABA100E00131 /* PBXContainerItemProxy */;
		};
		C9093A842A7AABA100E00131 /* PBXTargetDependency */ = {
			isa = PBXTargetDependency;
			target = C9093A662A7AABA000E00131 /* AccessibilityGuide */;
			targetProxy = C9093A832A7AABA100E00131 /* PBXContainerItemProxy */;
		};
/* End PBXTargetDependency section */

/* Begin XCBuildConfiguration section */
		C9093A8A2A7AABA100E00131 /* Debug */ = {
			isa = XCBuildConfiguration;
			buildSettings = {
				ALWAYS_SEARCH_USER_PATHS = NO;
				ASSETCATALOG_COMPILER_GENERATE_SWIFT_ASSET_SYMBOL_EXTENSIONS = YES;
				CLANG_ANALYZER_NONNULL = YES;
				CLANG_ANALYZER_NUMBER_OBJECT_CONVERSION = YES_AGGRESSIVE;
				CLANG_CXX_LANGUAGE_STANDARD = "gnu++20";
				CLANG_ENABLE_MODULES = YES;
				CLANG_ENABLE_OBJC_ARC = YES;
				CLANG_ENABLE_OBJC_WEAK = YES;
				CLANG_WARN_BLOCK_CAPTURE_AUTORELEASING = YES;
				CLANG_WARN_BOOL_CONVERSION = YES;
				CLANG_WARN_COMMA = YES;
				CLANG_WARN_CONSTANT_CONVERSION = YES;
				CLANG_WARN_DEPRECATED_OBJC_IMPLEMENTATIONS = YES;
				CLANG_WARN_DIRECT_OBJC_ISA_USAGE = YES_ERROR;
				CLANG_WARN_DOCUMENTATION_COMMENTS = YES;
				CLANG_WARN_EMPTY_BODY = YES;
				CLANG_WARN_ENUM_CONVERSION = YES;
				CLANG_WARN_INFINITE_RECURSION = YES;
				CLANG_WARN_INT_CONVERSION = YES;
				CLANG_WARN_NON_LITERAL_NULL_CONVERSION = YES;
				CLANG_WARN_OBJC_IMPLICIT_RETAIN_SELF = YES;
				CLANG_WARN_OBJC_LITERAL_CONVERSION = YES;
				CLANG_WARN_OBJC_ROOT_CLASS = YES_ERROR;
				CLANG_WARN_QUOTED_INCLUDE_IN_FRAMEWORK_HEADER = YES;
				CLANG_WARN_RANGE_LOOP_ANALYSIS = YES;
				CLANG_WARN_STRICT_PROTOTYPES = YES;
				CLANG_WARN_SUSPICIOUS_MOVE = YES;
				CLANG_WARN_UNGUARDED_AVAILABILITY = YES_AGGRESSIVE;
				CLANG_WARN_UNREACHABLE_CODE = YES;
				CLANG_WARN__DUPLICATE_METHOD_MATCH = YES;
				COPY_PHASE_STRIP = NO;
				DEAD_CODE_STRIPPING = YES;
				DEBUG_INFORMATION_FORMAT = dwarf;
				ENABLE_STRICT_OBJC_MSGSEND = YES;
				ENABLE_TESTABILITY = YES;
				ENABLE_USER_SCRIPT_SANDBOXING = NO;
				GCC_C_LANGUAGE_STANDARD = gnu11;
				GCC_DYNAMIC_NO_PIC = NO;
				GCC_NO_COMMON_BLOCKS = YES;
				GCC_OPTIMIZATION_LEVEL = 0;
				GCC_PREPROCESSOR_DEFINITIONS = (
					"DEBUG=1",
					"$(inherited)",
				);
				GCC_WARN_64_TO_32_BIT_CONVERSION = YES;
				GCC_WARN_ABOUT_RETURN_TYPE = YES_ERROR;
				GCC_WARN_UNDECLARED_SELECTOR = YES;
				GCC_WARN_UNINITIALIZED_AUTOS = YES_AGGRESSIVE;
				GCC_WARN_UNUSED_FUNCTION = YES;
				GCC_WARN_UNUSED_VARIABLE = YES;
				MTL_ENABLE_DEBUG_INFO = INCLUDE_SOURCE;
				MTL_FAST_MATH = YES;
				ONLY_ACTIVE_ARCH = YES;
				SWIFT_ACTIVE_COMPILATION_CONDITIONS = DEBUG;
				SWIFT_OPTIMIZATION_LEVEL = "-Onone";
			};
			name = Debug;
		};
		C9093A8B2A7AABA100E00131 /* Release */ = {
			isa = XCBuildConfiguration;
			buildSettings = {
				ALWAYS_SEARCH_USER_PATHS = NO;
				ASSETCATALOG_COMPILER_GENERATE_SWIFT_ASSET_SYMBOL_EXTENSIONS = YES;
				CLANG_ANALYZER_NONNULL = YES;
				CLANG_ANALYZER_NUMBER_OBJECT_CONVERSION = YES_AGGRESSIVE;
				CLANG_CXX_LANGUAGE_STANDARD = "gnu++20";
				CLANG_ENABLE_MODULES = YES;
				CLANG_ENABLE_OBJC_ARC = YES;
				CLANG_ENABLE_OBJC_WEAK = YES;
				CLANG_WARN_BLOCK_CAPTURE_AUTORELEASING = YES;
				CLANG_WARN_BOOL_CONVERSION = YES;
				CLANG_WARN_COMMA = YES;
				CLANG_WARN_CONSTANT_CONVERSION = YES;
				CLANG_WARN_DEPRECATED_OBJC_IMPLEMENTATIONS = YES;
				CLANG_WARN_DIRECT_OBJC_ISA_USAGE = YES_ERROR;
				CLANG_WARN_DOCUMENTATION_COMMENTS = YES;
				CLANG_WARN_EMPTY_BODY = YES;
				CLANG_WARN_ENUM_CONVERSION = YES;
				CLANG_WARN_INFINITE_RECURSION = YES;
				CLANG_WARN_INT_CONVERSION = YES;
				CLANG_WARN_NON_LITERAL_NULL_CONVERSION = YES;
				CLANG_WARN_OBJC_IMPLICIT_RETAIN_SELF = YES;
				CLANG_WARN_OBJC_LITERAL_CONVERSION = YES;
				CLANG_WARN_OBJC_ROOT_CLASS = YES_ERROR;
				CLANG_WARN_QUOTED_INCLUDE_IN_FRAMEWORK_HEADER = YES;
				CLANG_WARN_RANGE_LOOP_ANALYSIS = YES;
				CLANG_WARN_STRICT_PROTOTYPES = YES;
				CLANG_WARN_SUSPICIOUS_MOVE = YES;
				CLANG_WARN_UNGUARDED_AVAILABILITY = YES_AGGRESSIVE;
				CLANG_WARN_UNREACHABLE_CODE = YES;
				CLANG_WARN__DUPLICATE_METHOD_MATCH = YES;
				COPY_PHASE_STRIP = NO;
				DEAD_CODE_STRIPPING = YES;
				DEBUG_INFORMATION_FORMAT = "dwarf-with-dsym";
				ENABLE_NS_ASSERTIONS = NO;
				ENABLE_STRICT_OBJC_MSGSEND = YES;
				ENABLE_USER_SCRIPT_SANDBOXING = NO;
				GCC_C_LANGUAGE_STANDARD = gnu11;
				GCC_NO_COMMON_BLOCKS = YES;
				GCC_WARN_64_TO_32_BIT_CONVERSION = YES;
				GCC_WARN_ABOUT_RETURN_TYPE = YES_ERROR;
				GCC_WARN_UNDECLARED_SELECTOR = YES;
				GCC_WARN_UNINITIALIZED_AUTOS = YES_AGGRESSIVE;
				GCC_WARN_UNUSED_FUNCTION = YES;
				GCC_WARN_UNUSED_VARIABLE = YES;
				MTL_ENABLE_DEBUG_INFO = NO;
				MTL_FAST_MATH = YES;
				SWIFT_COMPILATION_MODE = wholemodule;
				SWIFT_OPTIMIZATION_LEVEL = "-O";
			};
			name = Release;
		};
		C9093A8D2A7AABA100E00131 /* Debug */ = {
			isa = XCBuildConfiguration;
			baseConfigurationReference = 744825DBD51897C8D7CB492A /* Pods-AccessibilityGuide.debug.xcconfig */;
			buildSettings = {
				ASSETCATALOG_COMPILER_GLOBAL_ACCENT_COLOR_NAME = AccentColor;
				CODE_SIGN_ENTITLEMENTS = AccessibilityGuide/AccessibilityGuide.entitlements;
				CODE_SIGN_IDENTITY = "Apple Development";
				CODE_SIGN_STYLE = Automatic;
				CURRENT_PROJECT_VERSION = 1;
				DEAD_CODE_STRIPPING = YES;
				DEVELOPMENT_ASSET_PATHS = "\"AccessibilityGuide/Preview Content\"";
				DEVELOPMENT_TEAM = YTPVXV955L;
				ENABLE_HARDENED_RUNTIME = YES;
				ENABLE_PREVIEWS = YES;
				FRAMEWORK_SEARCH_PATHS = "$(inherited)";
				GENERATE_INFOPLIST_FILE = YES;
				INFOPLIST_FILE = AccessibilityGuide/Info.plist;
				INFOPLIST_KEY_NSMicrophoneUsageDescription = "Allows user to record a voice note to describe the need noticed.";
				"INFOPLIST_KEY_UIApplicationSceneManifest_Generation[sdk=iphoneos*]" = YES;
				"INFOPLIST_KEY_UIApplicationSceneManifest_Generation[sdk=iphonesimulator*]" = YES;
				"INFOPLIST_KEY_UIApplicationSupportsIndirectInputEvents[sdk=iphoneos*]" = YES;
				"INFOPLIST_KEY_UIApplicationSupportsIndirectInputEvents[sdk=iphonesimulator*]" = YES;
				"INFOPLIST_KEY_UILaunchScreen_Generation[sdk=iphoneos*]" = YES;
				"INFOPLIST_KEY_UILaunchScreen_Generation[sdk=iphonesimulator*]" = YES;
				INFOPLIST_KEY_UIRequiresFullScreen = NO;
				"INFOPLIST_KEY_UIStatusBarStyle[sdk=iphoneos*]" = UIStatusBarStyleDefault;
				"INFOPLIST_KEY_UIStatusBarStyle[sdk=iphonesimulator*]" = UIStatusBarStyleDefault;
				INFOPLIST_KEY_UISupportedInterfaceOrientations = "UIInterfaceOrientationLandscapeLeft UIInterfaceOrientationLandscapeRight UIInterfaceOrientationPortrait";
				INFOPLIST_KEY_UISupportedInterfaceOrientations_iPad = "UIInterfaceOrientationLandscapeLeft UIInterfaceOrientationLandscapeRight";
				IPHONEOS_DEPLOYMENT_TARGET = 17.0;
				"LD_RUNPATH_SEARCH_PATHS[sdk=macosx*]" = "";
				MACOSX_DEPLOYMENT_TARGET = 13.3;
				MARKETING_VERSION = 1.0;
				PRODUCT_BUNDLE_IDENTIFIER = SSGB.AccessibilityGuide;
				PRODUCT_NAME = "$(TARGET_NAME)";
				PROVISIONING_PROFILE_SPECIFIER = "";
				SDKROOT = auto;
				SUPPORTED_PLATFORMS = "iphoneos iphonesimulator";
				SUPPORTS_MACCATALYST = NO;
				SUPPORTS_MAC_DESIGNED_FOR_IPHONE_IPAD = NO;
				SWIFT_EMIT_LOC_STRINGS = YES;
				SWIFT_VERSION = 5.0;
				TARGETED_DEVICE_FAMILY = 2;
			};
			name = Debug;
		};
		C9093A8E2A7AABA100E00131 /* Release */ = {
			isa = XCBuildConfiguration;
			baseConfigurationReference = 881DABD7116598E768B0C31B /* Pods-AccessibilityGuide.release.xcconfig */;
			buildSettings = {
				ASSETCATALOG_COMPILER_GLOBAL_ACCENT_COLOR_NAME = AccentColor;
				CODE_SIGN_ENTITLEMENTS = AccessibilityGuide/AccessibilityGuide.entitlements;
				CODE_SIGN_IDENTITY = "Apple Development";
				CODE_SIGN_STYLE = Automatic;
				CURRENT_PROJECT_VERSION = 1;
				DEAD_CODE_STRIPPING = YES;
				DEVELOPMENT_ASSET_PATHS = "\"AccessibilityGuide/Preview Content\"";
				DEVELOPMENT_TEAM = YTPVXV955L;
				ENABLE_HARDENED_RUNTIME = YES;
				ENABLE_PREVIEWS = YES;
				FRAMEWORK_SEARCH_PATHS = "$(inherited)";
				GENERATE_INFOPLIST_FILE = YES;
				INFOPLIST_FILE = AccessibilityGuide/Info.plist;
				INFOPLIST_KEY_NSMicrophoneUsageDescription = "Allows user to record a voice note to describe the need noticed.";
				"INFOPLIST_KEY_UIApplicationSceneManifest_Generation[sdk=iphoneos*]" = YES;
				"INFOPLIST_KEY_UIApplicationSceneManifest_Generation[sdk=iphonesimulator*]" = YES;
				"INFOPLIST_KEY_UIApplicationSupportsIndirectInputEvents[sdk=iphoneos*]" = YES;
				"INFOPLIST_KEY_UIApplicationSupportsIndirectInputEvents[sdk=iphonesimulator*]" = YES;
				"INFOPLIST_KEY_UILaunchScreen_Generation[sdk=iphoneos*]" = YES;
				"INFOPLIST_KEY_UILaunchScreen_Generation[sdk=iphonesimulator*]" = YES;
				INFOPLIST_KEY_UIRequiresFullScreen = NO;
				"INFOPLIST_KEY_UIStatusBarStyle[sdk=iphoneos*]" = UIStatusBarStyleDefault;
				"INFOPLIST_KEY_UIStatusBarStyle[sdk=iphonesimulator*]" = UIStatusBarStyleDefault;
				INFOPLIST_KEY_UISupportedInterfaceOrientations = "UIInterfaceOrientationLandscapeLeft UIInterfaceOrientationLandscapeRight UIInterfaceOrientationPortrait";
				INFOPLIST_KEY_UISupportedInterfaceOrientations_iPad = "UIInterfaceOrientationLandscapeLeft UIInterfaceOrientationLandscapeRight";
				IPHONEOS_DEPLOYMENT_TARGET = 17.0;
				"LD_RUNPATH_SEARCH_PATHS[sdk=macosx*]" = "";
				MACOSX_DEPLOYMENT_TARGET = 13.3;
				MARKETING_VERSION = 1.0;
				PRODUCT_BUNDLE_IDENTIFIER = SSGB.AccessibilityGuide;
				PRODUCT_NAME = "$(TARGET_NAME)";
				PROVISIONING_PROFILE_SPECIFIER = "";
				SDKROOT = auto;
				SUPPORTED_PLATFORMS = "iphoneos iphonesimulator";
				SUPPORTS_MACCATALYST = NO;
				SUPPORTS_MAC_DESIGNED_FOR_IPHONE_IPAD = NO;
				SWIFT_EMIT_LOC_STRINGS = YES;
				SWIFT_VERSION = 5.0;
				TARGETED_DEVICE_FAMILY = 2;
			};
			name = Release;
		};
		C9093A902A7AABA100E00131 /* Debug */ = {
			isa = XCBuildConfiguration;
			buildSettings = {
				ALWAYS_EMBED_SWIFT_STANDARD_LIBRARIES = YES;
				BUNDLE_LOADER = "$(TEST_HOST)";
				CODE_SIGN_STYLE = Automatic;
				CURRENT_PROJECT_VERSION = 1;
				DEAD_CODE_STRIPPING = YES;
				DEVELOPMENT_TEAM = YTPVXV955L;
				GENERATE_INFOPLIST_FILE = YES;
				IPHONEOS_DEPLOYMENT_TARGET = 16.2;
				MACOSX_DEPLOYMENT_TARGET = 13.3;
				MARKETING_VERSION = 1.0;
				PRODUCT_BUNDLE_IDENTIFIER = SSGB.AccessibilityGuideTests;
				PRODUCT_NAME = "$(TARGET_NAME)";
				SDKROOT = auto;
				SUPPORTED_PLATFORMS = "iphoneos iphonesimulator";
				SUPPORTS_MACCATALYST = NO;
				SUPPORTS_MAC_DESIGNED_FOR_IPHONE_IPAD = NO;
				SWIFT_EMIT_LOC_STRINGS = NO;
				SWIFT_VERSION = 5.0;
				TARGETED_DEVICE_FAMILY = 2;
				TEST_HOST = "$(BUILT_PRODUCTS_DIR)/AccessibilityGuide.app/$(BUNDLE_EXECUTABLE_FOLDER_PATH)/AccessibilityGuide";
			};
			name = Debug;
		};
		C9093A912A7AABA100E00131 /* Release */ = {
			isa = XCBuildConfiguration;
			buildSettings = {
				ALWAYS_EMBED_SWIFT_STANDARD_LIBRARIES = YES;
				BUNDLE_LOADER = "$(TEST_HOST)";
				CODE_SIGN_STYLE = Automatic;
				CURRENT_PROJECT_VERSION = 1;
				DEAD_CODE_STRIPPING = YES;
				DEVELOPMENT_TEAM = YTPVXV955L;
				GENERATE_INFOPLIST_FILE = YES;
				IPHONEOS_DEPLOYMENT_TARGET = 16.2;
				MACOSX_DEPLOYMENT_TARGET = 13.3;
				MARKETING_VERSION = 1.0;
				PRODUCT_BUNDLE_IDENTIFIER = SSGB.AccessibilityGuideTests;
				PRODUCT_NAME = "$(TARGET_NAME)";
				SDKROOT = auto;
				SUPPORTED_PLATFORMS = "iphoneos iphonesimulator";
				SUPPORTS_MACCATALYST = NO;
				SUPPORTS_MAC_DESIGNED_FOR_IPHONE_IPAD = NO;
				SWIFT_EMIT_LOC_STRINGS = NO;
				SWIFT_VERSION = 5.0;
				TARGETED_DEVICE_FAMILY = 2;
				TEST_HOST = "$(BUILT_PRODUCTS_DIR)/AccessibilityGuide.app/$(BUNDLE_EXECUTABLE_FOLDER_PATH)/AccessibilityGuide";
			};
			name = Release;
		};
		C9093A932A7AABA100E00131 /* Debug */ = {
			isa = XCBuildConfiguration;
			buildSettings = {
				ALWAYS_EMBED_SWIFT_STANDARD_LIBRARIES = YES;
				CODE_SIGN_STYLE = Automatic;
				CURRENT_PROJECT_VERSION = 1;
				DEVELOPMENT_TEAM = YTPVXV955L;
				GENERATE_INFOPLIST_FILE = YES;
				IPHONEOS_DEPLOYMENT_TARGET = 16.2;
				MACOSX_DEPLOYMENT_TARGET = 13.3;
				MARKETING_VERSION = 1.0;
				PRODUCT_BUNDLE_IDENTIFIER = SSGB.AccessibilityGuideUITests;
				PRODUCT_NAME = "$(TARGET_NAME)";
				SDKROOT = iphoneos;
				SUPPORTED_PLATFORMS = "iphoneos iphonesimulator";
				SUPPORTS_MACCATALYST = NO;
				SUPPORTS_MAC_DESIGNED_FOR_IPHONE_IPAD = NO;
				SWIFT_EMIT_LOC_STRINGS = NO;
				SWIFT_VERSION = 5.0;
				TARGETED_DEVICE_FAMILY = 2;
				TEST_TARGET_NAME = AccessibilityGuide;
			};
			name = Debug;
		};
		C9093A942A7AABA100E00131 /* Release */ = {
			isa = XCBuildConfiguration;
			buildSettings = {
				ALWAYS_EMBED_SWIFT_STANDARD_LIBRARIES = YES;
				CODE_SIGN_STYLE = Automatic;
				CURRENT_PROJECT_VERSION = 1;
				DEVELOPMENT_TEAM = YTPVXV955L;
				GENERATE_INFOPLIST_FILE = YES;
				IPHONEOS_DEPLOYMENT_TARGET = 16.2;
				MACOSX_DEPLOYMENT_TARGET = 13.3;
				MARKETING_VERSION = 1.0;
				PRODUCT_BUNDLE_IDENTIFIER = SSGB.AccessibilityGuideUITests;
				PRODUCT_NAME = "$(TARGET_NAME)";
				SDKROOT = iphoneos;
				SUPPORTED_PLATFORMS = "iphoneos iphonesimulator";
				SUPPORTS_MACCATALYST = NO;
				SUPPORTS_MAC_DESIGNED_FOR_IPHONE_IPAD = NO;
				SWIFT_EMIT_LOC_STRINGS = NO;
				SWIFT_VERSION = 5.0;
				TARGETED_DEVICE_FAMILY = 2;
				TEST_TARGET_NAME = AccessibilityGuide;
			};
			name = Release;
		};
/* End XCBuildConfiguration section */

/* Begin XCConfigurationList section */
		C9093A622A7AABA000E00131 /* Build configuration list for PBXProject "AccessibilityGuide" */ = {
			isa = XCConfigurationList;
			buildConfigurations = (
				C9093A8A2A7AABA100E00131 /* Debug */,
				C9093A8B2A7AABA100E00131 /* Release */,
			);
			defaultConfigurationIsVisible = 0;
			defaultConfigurationName = Release;
		};
		C9093A8C2A7AABA100E00131 /* Build configuration list for PBXNativeTarget "AccessibilityGuide" */ = {
			isa = XCConfigurationList;
			buildConfigurations = (
				C9093A8D2A7AABA100E00131 /* Debug */,
				C9093A8E2A7AABA100E00131 /* Release */,
			);
			defaultConfigurationIsVisible = 0;
			defaultConfigurationName = Release;
		};
		C9093A8F2A7AABA100E00131 /* Build configuration list for PBXNativeTarget "AccessibilityGuideTests" */ = {
			isa = XCConfigurationList;
			buildConfigurations = (
				C9093A902A7AABA100E00131 /* Debug */,
				C9093A912A7AABA100E00131 /* Release */,
			);
			defaultConfigurationIsVisible = 0;
			defaultConfigurationName = Release;
		};
		C9093A922A7AABA100E00131 /* Build configuration list for PBXNativeTarget "AccessibilityGuideUITests" */ = {
			isa = XCConfigurationList;
			buildConfigurations = (
				C9093A932A7AABA100E00131 /* Debug */,
				C9093A942A7AABA100E00131 /* Release */,
			);
			defaultConfigurationIsVisible = 0;
			defaultConfigurationName = Release;
		};
/* End XCConfigurationList section */
	};
	rootObject = C9093A5F2A7AABA000E00131 /* Project object */;
}
